
Microsoft Visual Studio Solution File, Format Version 12.00
# Visual Studio Version 17
VisualStudioVersion = 17.3.32929.385
MinimumVisualStudioVersion = 10.0.40219.1
Project("{FAE04EC0-301F-11D3-BF4B-00C04F79EFBC}") = "pdks", "pdks\pdks.csproj", "{B15A86CF-F0B8-47FC-8768-970830AB79EB}"
EndProject
Global
	GlobalSection(SolutionConfigurationPlatforms) = preSolution
		Debug|Any CPU = Debug|Any CPU
		Release|Any CPU = Release|Any CPU
	EndGlobalSection
	GlobalSection(ProjectConfigurationPlatforms) = postSolution
		{B15A86CF-F0B8-47FC-8768-970830AB79EB}.Debug|Any CPU.ActiveCfg = Debug|Any CPU
		{B15A86CF-F0B8-47FC-8768-970830AB79EB}.Debug|Any CPU.Build.0 = Debug|Any CPU
		{B15A86CF-F0B8-47FC-8768-970830AB79EB}.Release|Any CPU.ActiveCfg = Release|Any CPU
		{B15A86CF-F0B8-47FC-8768-970830AB79EB}.Release|Any CPU.Build.0 = Release|Any CPU
	EndGlobalSection
	GlobalSection(SolutionProperties) = preSolution
		HideSolutionNode = FALSE
	EndGlobalSection
	GlobalSection(ExtensibilityGlobals) = postSolution
		SolutionGuid = {CB5D9248-94E2-4351-ADE1-2BC6BCE02D3F}
	EndGlobalSection
EndGlobal
